# generated by rye
# use `rye lock` or `rye sync` to update this lockfile
#
# last locked with the following flags:
#   pre: false
#   features: []
#   all-features: false
#   with-sources: false
#   generate-hashes: false

-e file:.
attrs==23.2.0
    # via cattrs
    # via requests-cache
cattrs==23.2.3
    # via requests-cache
certifi==2024.6.2
    # via requests
charset-normalizer==3.3.2
    # via requests
flatbuffers==24.3.25
    # via openmeteo-sdk
idna==3.7
    # via requests
numpy==2.0.0
    # via openmeteo-sample
    # via pandas
openmeteo-requests==1.2.0
    # via openmeteo-sample
openmeteo-sdk==1.11.8
    # via openmeteo-requests
pandas==2.2.2
    # via openmeteo-sample
platformdirs==4.2.2
    # via requests-cache
python-dateutil==2.9.0.post0
    # via pandas
pytz==2024.1
    # via pandas
requests==2.32.3
    # via openmeteo-requests
    # via requests-cache
    # via retry-requests
requests-cache==1.2.1
    # via openmeteo-sample
retry-requests==2.0.0
    # via openmeteo-sample
six==1.16.0
    # via python-dateutil
    # via url-normalize
tzdata==2024.1
    # via pandas
url-normalize==1.4.3
    # via requests-cache
urllib3==2.2.2
    # via requests
    # via requests-cache
    # via retry-requests
